# This file is autogenerated, do not edit; changes may be undone by the next 'dep ensure'.


[[projects]]
  branch = "master"
  digest = "1:4d7bedb44765f74613edc0b9585d17d76dea139bfa4358bdcc9cd78888d6db86"
  name = "bitbucket.org/mudiarto/goose"
  packages = ["lib/goose"]
  pruneopts = "UT"
  revision = "c9aa05611a773b7d6c5dbc2c12948caf64cdeeaa"

[[projects]]
  digest = "1:a3af33fd30536d9c5a7b6ad542390919e57c1125097a194c7b3d9904109a0611"
  name = "github.com/go-sql-driver/mysql"
  packages = ["."]
  pruneopts = "UT"
  revision = "72cd26f257d44c1114970e19afddcd812016007e"
  version = "v1.4.1"

[[projects]]
  branch = "master"
  digest = "1:c1046169c43b3993cf00edc6fd4a85472badea8497010f883fa7008802d55389"
  name = "github.com/kylelemons/go-gypsy"
  packages = ["yaml"]
  pruneopts = "UT"
  revision = "08cad365cd28a7fba23bb1e57aa43c5e18ad8bb8"

[[projects]]
  digest = "1:9ff22c26414baf7deaf74f2a788fe7b97666048bcbe346c52cfe823442abbdfb"
  name = "github.com/lib/pq"
  packages = [
    ".",
    "oid",
    "scram",
  ]
  pruneopts = "UT"
  revision = "99274577be97ac9b1d95a2d61d566dc9b7cc6a54"
  version = "v1.3.0"

[[projects]]
  digest = "1:19fd46009e9bad71f7e9a8367e7317ed632f89926352a7d59822edec785ae4f3"
  name = "github.com/ziutek/mymysql"
  packages = [
    "godrv",
    "mysql",
    "native",
  ]
  pruneopts = "UT"
  revision = "e08c2f35356576b3c3690c252fe5dca728ae9292"
  version = "v1.5.4"

[solve-meta]
  analyzer-name = "dep"
  analyzer-version = 1
  input-imports = ["bitbucket.org/mudiarto/goose/lib/goose"]
  solver-name = "gps-cdcl"
  solver-version = 1
